
Microsoft Visual Studio Solution File, Format Version 12.00
# Visual Studio 14
VisualStudioVersion = 14.0.25420.1
MinimumVisualStudioVersion = 10.0.40219.1
Project("{2150E333-8FDC-42A3-9474-1A3956D46DE8}") = "src", "src", "{833CE1EC-1882-4357-9F0E-FDECA8E8AA43}"
EndProject
Project("{2150E333-8FDC-42A3-9474-1A3956D46DE8}") = "Solution Items", "Solution Items", "{482EBDC4-A58F-4ED1-8A5B-FB2778EA9457}"
	ProjectSection(SolutionItems) = preProject
		global.json = global.json
	EndProjectSection
EndProject
Project("{8BB2217D-0F2D-49D1-97BC-3654ED321F3B}") = "ApiControllers", "src\ApiControllers\ApiControllers.xproj", "{A662F08F-EF3F-4179-99F9-8A20C8CDBCFE}"
EndProject
Global
	GlobalSection(SolutionConfigurationPlatforms) = preSolution
		Debug|Any CPU = Debug|Any CPU
		Release|Any CPU = Release|Any CPU
	EndGlobalSection
	GlobalSection(ProjectConfigurationPlatforms) = postSolution
		{A662F08F-EF3F-4179-99F9-8A20C8CDBCFE}.Debug|Any CPU.ActiveCfg = Debug|Any CPU
		{A662F08F-EF3F-4179-99F9-8A20C8CDBCFE}.Debug|Any CPU.Build.0 = Debug|Any CPU
		{A662F08F-EF3F-4179-99F9-8A20C8CDBCFE}.Release|Any CPU.ActiveCfg = Release|Any CPU
		{A662F08F-EF3F-4179-99F9-8A20C8CDBCFE}.Release|Any CPU.Build.0 = Release|Any CPU
	EndGlobalSection
	GlobalSection(SolutionProperties) = preSolution
		HideSolutionNode = FALSE
	EndGlobalSection
	GlobalSection(NestedProjects) = preSolution
		{A662F08F-EF3F-4179-99F9-8A20C8CDBCFE} = {833CE1EC-1882-4357-9F0E-FDECA8E8AA43}
	EndGlobalSection
EndGlobal
