
Microsoft Visual Studio Solution File, Format Version 12.00
# Visual Studio 14
VisualStudioVersion = 14.0.25420.1
MinimumVisualStudioVersion = 10.0.40219.1
Project("{2150E333-8FDC-42A3-9474-1A3956D46DE8}") = "src", "src", "{2561C855-0420-4E40-BDCB-9CBD952FACE6}"
EndProject
Project("{2150E333-8FDC-42A3-9474-1A3956D46DE8}") = "Solution Items", "Solution Items", "{C95F0C37-D498-4ADA-A680-BE20960A5A0A}"
	ProjectSection(SolutionItems) = preProject
		global.json = global.json
	EndProjectSection
EndProject
Project("{8BB2217D-0F2D-49D1-97BC-3654ED321F3B}") = "ConventionsAndConstraints", "src\ConventionsAndConstraints\ConventionsAndConstraints.xproj", "{12A2D42E-6844-40CB-AB8C-DBC529985AAA}"
EndProject
Global
	GlobalSection(SolutionConfigurationPlatforms) = preSolution
		Debug|Any CPU = Debug|Any CPU
		Release|Any CPU = Release|Any CPU
	EndGlobalSection
	GlobalSection(ProjectConfigurationPlatforms) = postSolution
		{12A2D42E-6844-40CB-AB8C-DBC529985AAA}.Debug|Any CPU.ActiveCfg = Debug|Any CPU
		{12A2D42E-6844-40CB-AB8C-DBC529985AAA}.Debug|Any CPU.Build.0 = Debug|Any CPU
		{12A2D42E-6844-40CB-AB8C-DBC529985AAA}.Release|Any CPU.ActiveCfg = Release|Any CPU
		{12A2D42E-6844-40CB-AB8C-DBC529985AAA}.Release|Any CPU.Build.0 = Release|Any CPU
	EndGlobalSection
	GlobalSection(SolutionProperties) = preSolution
		HideSolutionNode = FALSE
	EndGlobalSection
	GlobalSection(NestedProjects) = preSolution
		{12A2D42E-6844-40CB-AB8C-DBC529985AAA} = {2561C855-0420-4E40-BDCB-9CBD952FACE6}
	EndGlobalSection
EndGlobal
