
Microsoft Visual Studio Solution File, Format Version 12.00
# Visual Studio 15
VisualStudioVersion = 15.0.26228.4
MinimumVisualStudioVersion = 10.0.40219.1
Project("{FAE04EC0-301F-11D3-BF4B-00C04F79EFBC}") = "SportsStore", "SportsStore\SportsStore.csproj", "{43894558-10E9-4395-AA22-4F47149C8759}"
EndProject
Project("{FAE04EC0-301F-11D3-BF4B-00C04F79EFBC}") = "SportsStore.Tests", "SportsStore.Tests\SportsStore.Tests.csproj", "{6C257B26-D50B-4492-AA8B-3F72FF9673CF}"
EndProject
Global
	GlobalSection(SolutionConfigurationPlatforms) = preSolution
		Debug|Any CPU = Debug|Any CPU
		Release|Any CPU = Release|Any CPU
	EndGlobalSection
	GlobalSection(ProjectConfigurationPlatforms) = postSolution
		{43894558-10E9-4395-AA22-4F47149C8759}.Debug|Any CPU.ActiveCfg = Debug|Any CPU
		{43894558-10E9-4395-AA22-4F47149C8759}.Debug|Any CPU.Build.0 = Debug|Any CPU
		{43894558-10E9-4395-AA22-4F47149C8759}.Release|Any CPU.ActiveCfg = Release|Any CPU
		{43894558-10E9-4395-AA22-4F47149C8759}.Release|Any CPU.Build.0 = Release|Any CPU
		{6C257B26-D50B-4492-AA8B-3F72FF9673CF}.Debug|Any CPU.ActiveCfg = Debug|Any CPU
		{6C257B26-D50B-4492-AA8B-3F72FF9673CF}.Debug|Any CPU.Build.0 = Debug|Any CPU
		{6C257B26-D50B-4492-AA8B-3F72FF9673CF}.Release|Any CPU.ActiveCfg = Release|Any CPU
		{6C257B26-D50B-4492-AA8B-3F72FF9673CF}.Release|Any CPU.Build.0 = Release|Any CPU
	EndGlobalSection
	GlobalSection(SolutionProperties) = preSolution
		HideSolutionNode = FALSE
	EndGlobalSection
EndGlobal
