
Microsoft Visual Studio Solution File, Format Version 12.00
# Visual Studio 14
VisualStudioVersion = 14.0.25420.1
MinimumVisualStudioVersion = 10.0.40219.1
Project("{2150E333-8FDC-42A3-9474-1A3956D46DE8}") = "src", "src", "{0E79DEE8-1F49-46D8-84FC-7A1150851277}"
EndProject
Project("{2150E333-8FDC-42A3-9474-1A3956D46DE8}") = "Solution Items", "Solution Items", "{66DA7AF1-633B-4E46-9C1B-71A20DEF06BB}"
	ProjectSection(SolutionItems) = preProject
		global.json = global.json
	EndProjectSection
EndProject
Project("{8BB2217D-0F2D-49D1-97BC-3654ED321F3B}") = "SportsStore", "src\SportsStore\SportsStore.xproj", "{A825CD89-994A-415D-A345-F135E55A3492}"
EndProject
Project("{2150E333-8FDC-42A3-9474-1A3956D46DE8}") = "test", "test", "{11F52CE2-EA65-42FF-836F-19A860556750}"
EndProject
Project("{8BB2217D-0F2D-49D1-97BC-3654ED321F3B}") = "SportsStore.Tests", "test\SportsStore.Tests\SportsStore.Tests.xproj", "{65FD39CA-D3BD-4E6D-870B-E44E6D5C4A95}"
EndProject
Global
	GlobalSection(SolutionConfigurationPlatforms) = preSolution
		Debug|Any CPU = Debug|Any CPU
		Release|Any CPU = Release|Any CPU
	EndGlobalSection
	GlobalSection(ProjectConfigurationPlatforms) = postSolution
		{A825CD89-994A-415D-A345-F135E55A3492}.Debug|Any CPU.ActiveCfg = Debug|Any CPU
		{A825CD89-994A-415D-A345-F135E55A3492}.Debug|Any CPU.Build.0 = Debug|Any CPU
		{A825CD89-994A-415D-A345-F135E55A3492}.Release|Any CPU.ActiveCfg = Release|Any CPU
		{A825CD89-994A-415D-A345-F135E55A3492}.Release|Any CPU.Build.0 = Release|Any CPU
		{65FD39CA-D3BD-4E6D-870B-E44E6D5C4A95}.Debug|Any CPU.ActiveCfg = Debug|Any CPU
		{65FD39CA-D3BD-4E6D-870B-E44E6D5C4A95}.Debug|Any CPU.Build.0 = Debug|Any CPU
		{65FD39CA-D3BD-4E6D-870B-E44E6D5C4A95}.Release|Any CPU.ActiveCfg = Release|Any CPU
		{65FD39CA-D3BD-4E6D-870B-E44E6D5C4A95}.Release|Any CPU.Build.0 = Release|Any CPU
	EndGlobalSection
	GlobalSection(SolutionProperties) = preSolution
		HideSolutionNode = FALSE
	EndGlobalSection
	GlobalSection(NestedProjects) = preSolution
		{A825CD89-994A-415D-A345-F135E55A3492} = {0E79DEE8-1F49-46D8-84FC-7A1150851277}
		{65FD39CA-D3BD-4E6D-870B-E44E6D5C4A95} = {11F52CE2-EA65-42FF-836F-19A860556750}
	EndGlobalSection
EndGlobal
