
Microsoft Visual Studio Solution File, Format Version 12.00
# Visual Studio 14
VisualStudioVersion = 14.0.25420.1
MinimumVisualStudioVersion = 10.0.40219.1
Project("{2150E333-8FDC-42A3-9474-1A3956D46DE8}") = "src", "src", "{1F7F81C5-AB3C-4E21-8088-CF001A5DF3B4}"
EndProject
Project("{2150E333-8FDC-42A3-9474-1A3956D46DE8}") = "Solution Items", "Solution Items", "{78EB09B9-A554-4A90-B498-39FFE1EE07CC}"
	ProjectSection(SolutionItems) = preProject
		global.json = global.json
	EndProjectSection
EndProject
Project("{8BB2217D-0F2D-49D1-97BC-3654ED321F3B}") = "UsingViewComponents", "src\UsingViewComponents\UsingViewComponents.xproj", "{477A9BB3-03B1-47F9-9974-00B98FD86A65}"
EndProject
Project("{2150E333-8FDC-42A3-9474-1A3956D46DE8}") = "test", "test", "{25717EC6-F645-4DC4-807A-06DF2F569F05}"
EndProject
Project("{8BB2217D-0F2D-49D1-97BC-3654ED321F3B}") = "UsingViewComponents.Tests", "test\UsingViewComponents.Tests\UsingViewComponents.Tests.xproj", "{316547A9-40E1-4B4C-8F37-34C9F7192E19}"
EndProject
Global
	GlobalSection(SolutionConfigurationPlatforms) = preSolution
		Debug|Any CPU = Debug|Any CPU
		Release|Any CPU = Release|Any CPU
	EndGlobalSection
	GlobalSection(ProjectConfigurationPlatforms) = postSolution
		{477A9BB3-03B1-47F9-9974-00B98FD86A65}.Debug|Any CPU.ActiveCfg = Debug|Any CPU
		{477A9BB3-03B1-47F9-9974-00B98FD86A65}.Debug|Any CPU.Build.0 = Debug|Any CPU
		{477A9BB3-03B1-47F9-9974-00B98FD86A65}.Release|Any CPU.ActiveCfg = Release|Any CPU
		{477A9BB3-03B1-47F9-9974-00B98FD86A65}.Release|Any CPU.Build.0 = Release|Any CPU
		{316547A9-40E1-4B4C-8F37-34C9F7192E19}.Debug|Any CPU.ActiveCfg = Debug|Any CPU
		{316547A9-40E1-4B4C-8F37-34C9F7192E19}.Debug|Any CPU.Build.0 = Debug|Any CPU
		{316547A9-40E1-4B4C-8F37-34C9F7192E19}.Release|Any CPU.ActiveCfg = Release|Any CPU
		{316547A9-40E1-4B4C-8F37-34C9F7192E19}.Release|Any CPU.Build.0 = Release|Any CPU
	EndGlobalSection
	GlobalSection(SolutionProperties) = preSolution
		HideSolutionNode = FALSE
	EndGlobalSection
	GlobalSection(NestedProjects) = preSolution
		{477A9BB3-03B1-47F9-9974-00B98FD86A65} = {1F7F81C5-AB3C-4E21-8088-CF001A5DF3B4}
		{316547A9-40E1-4B4C-8F37-34C9F7192E19} = {25717EC6-F645-4DC4-807A-06DF2F569F05}
	EndGlobalSection
EndGlobal
