
Microsoft Visual Studio Solution File, Format Version 12.00
# Visual Studio 14
VisualStudioVersion = 14.0.25420.1
MinimumVisualStudioVersion = 10.0.40219.1
Project("{2150E333-8FDC-42A3-9474-1A3956D46DE8}") = "src", "src", "{28EEB1EE-E579-4216-8C7C-B60E484527B2}"
EndProject
Project("{2150E333-8FDC-42A3-9474-1A3956D46DE8}") = "Solution Items", "Solution Items", "{E10035D0-79C7-40A0-ADB7-A0397B1F844B}"
	ProjectSection(SolutionItems) = preProject
		global.json = global.json
	EndProjectSection
EndProject
Project("{8BB2217D-0F2D-49D1-97BC-3654ED321F3B}") = "WorkingWithVisualStudio", "src\WorkingWithVisualStudio\WorkingWithVisualStudio.xproj", "{BE003533-94B1-4ED6-84FC-D3DEB12C6C2D}"
EndProject
Global
	GlobalSection(SolutionConfigurationPlatforms) = preSolution
		Debug|Any CPU = Debug|Any CPU
		Release|Any CPU = Release|Any CPU
	EndGlobalSection
	GlobalSection(ProjectConfigurationPlatforms) = postSolution
		{BE003533-94B1-4ED6-84FC-D3DEB12C6C2D}.Debug|Any CPU.ActiveCfg = Debug|Any CPU
		{BE003533-94B1-4ED6-84FC-D3DEB12C6C2D}.Debug|Any CPU.Build.0 = Debug|Any CPU
		{BE003533-94B1-4ED6-84FC-D3DEB12C6C2D}.Release|Any CPU.ActiveCfg = Release|Any CPU
		{BE003533-94B1-4ED6-84FC-D3DEB12C6C2D}.Release|Any CPU.Build.0 = Release|Any CPU
	EndGlobalSection
	GlobalSection(SolutionProperties) = preSolution
		HideSolutionNode = FALSE
	EndGlobalSection
	GlobalSection(NestedProjects) = preSolution
		{BE003533-94B1-4ED6-84FC-D3DEB12C6C2D} = {28EEB1EE-E579-4216-8C7C-B60E484527B2}
	EndGlobalSection
EndGlobal
